
Microsoft Visual Studio Solution File, Format Version 12.00
# Visual Studio Version 16
VisualStudioVersion = 16.0.29709.97
MinimumVisualStudioVersion = 10.0.40219.1
Project("{FAE04EC0-301F-11D3-BF4B-00C04F79EFBC}") = "OdrabiamyDownloader", "OdrabiamyDownloader\OdrabiamyDownloader.csproj", "{E4ABCC3F-94C2-430C-97DC-B17A868BCCC0}"
EndProject
Global
	GlobalSection(SolutionConfigurationPlatforms) = preSolution
		Debug|Any CPU = Debug|Any CPU
		Release|Any CPU = Release|Any CPU
	EndGlobalSection
	GlobalSection(ProjectConfigurationPlatforms) = postSolution
		{E4ABCC3F-94C2-430C-97DC-B17A868BCCC0}.Debug|Any CPU.ActiveCfg = Debug|Any CPU
		{E4ABCC3F-94C2-430C-97DC-B17A868BCCC0}.Debug|Any CPU.Build.0 = Debug|Any CPU
		{E4ABCC3F-94C2-430C-97DC-B17A868BCCC0}.Release|Any CPU.ActiveCfg = Release|Any CPU
		{E4ABCC3F-94C2-430C-97DC-B17A868BCCC0}.Release|Any CPU.Build.0 = Release|Any CPU
	EndGlobalSection
	GlobalSection(SolutionProperties) = preSolution
		HideSolutionNode = FALSE
	EndGlobalSection
	GlobalSection(ExtensibilityGlobals) = postSolution
		SolutionGuid = {82BD40B2-40E1-4546-A748-C0EBD8B11804}
	EndGlobalSection
EndGlobal
